
Microsoft Visual Studio Solution File, Format Version 12.00
# Visual Studio Version 16
VisualStudioVersion = 16.0.32002.261
MinimumVisualStudioVersion = 10.0.40219.1
Project("{FAE04EC0-301F-11D3-BF4B-00C04F79EFBC}") = "FTP Console", "FTP Console\FTP Console.csproj", "{A91D19D8-935D-4737-AA1B-844462567929}"
EndProject
Global
	GlobalSection(SolutionConfigurationPlatforms) = preSolution
		Debug|Any CPU = Debug|Any CPU
		Release|Any CPU = Release|Any CPU
	EndGlobalSection
	GlobalSection(ProjectConfigurationPlatforms) = postSolution
		{A91D19D8-935D-4737-AA1B-844462567929}.Debug|Any CPU.ActiveCfg = Debug|Any CPU
		{A91D19D8-935D-4737-AA1B-844462567929}.Debug|Any CPU.Build.0 = Debug|Any CPU
		{A91D19D8-935D-4737-AA1B-844462567929}.Release|Any CPU.ActiveCfg = Release|Any CPU
		{A91D19D8-935D-4737-AA1B-844462567929}.Release|Any CPU.Build.0 = Release|Any CPU
	EndGlobalSection
	GlobalSection(SolutionProperties) = preSolution
		HideSolutionNode = FALSE
	EndGlobalSection
	GlobalSection(ExtensibilityGlobals) = postSolution
		SolutionGuid = {13F65356-8915-44C1-B1DB-5A2A45927B33}
	EndGlobalSection
EndGlobal
